// !$*UTF8*$!
{
	archiveVersion = 1;
	classes = {
	};
	objectVersion = 50;
	objects = {

/* Begin PBXBuildFile section */
		446DF14721BE218D00F08183 /* GoogleService-Info.plist in Resources */ = {isa = PBXBuildFile; fileRef = 446DF14621BE218D00F08183 /* GoogleService-Info.plist */; };
		446DF14921BED99600F08183 /* SwimmersTableViewController.swift in Sources */ = {isa = PBXBuildFile; fileRef = 446DF14821BED99600F08183 /* SwimmersTableViewController.swift */; };
		446DF14B21BED9BC00F08183 /* SearchSwimmerViewController.swift in Sources */ = {isa = PBXBuildFile; fileRef = 446DF14A21BED9BC00F08183 /* SearchSwimmerViewController.swift */; };
		446DF14D21BEDC1300F08183 /* Swimmer.swift in Sources */ = {isa = PBXBuildFile; fileRef = 446DF14C21BEDC1300F08183 /* Swimmer.swift */; };
		4494A57D21BDE22700E42F1E /* .gitignore in Resources */ = {isa = PBXBuildFile; fileRef = 4494A57C21BDE22700E42F1E /* .gitignore */; };
		44B670FD21BC89C000304FEC /* AppDelegate.swift in Sources */ = {isa = PBXBuildFile; fileRef = 44B670FC21BC89C000304FEC /* AppDelegate.swift */; };
		44B6710221BC89C000304FEC /* Main.storyboard in Resources */ = {isa = PBXBuildFile; fileRef = 44B6710021BC89C000304FEC /* Main.storyboard */; };
		44B6710421BC89C200304FEC /* Assets.xcassets in Resources */ = {isa = PBXBuildFile; fileRef = 44B6710321BC89C200304FEC /* Assets.xcassets */; };
		44B6710721BC89C200304FEC /* LaunchScreen.storyboard in Resources */ = {isa = PBXBuildFile; fileRef = 44B6710521BC89C200304FEC /* LaunchScreen.storyboard */; };
		8B0DB4BFF496AC1CB4E67983 /* Pods_SwimStats.framework in Frameworks */ = {isa = PBXBuildFile; fileRef = 93BFBDE79744DFE407F2F442 /* Pods_SwimStats.framework */; };
/* End PBXBuildFile section */

/* Begin PBXFileReference section */
		446DF14621BE218D00F08183 /* GoogleService-Info.plist */ = {isa = PBXFileReference; fileEncoding = 4; lastKnownFileType = text.plist.xml; path = "GoogleService-Info.plist"; sourceTree = "<group>"; };
		446DF14821BED99600F08183 /* SwimmersTableViewController.swift */ = {isa = PBXFileReference; lastKnownFileType = sourcecode.swift; path = SwimmersTableViewController.swift; sourceTree = "<group>"; };
		446DF14A21BED9BC00F08183 /* SearchSwimmerViewController.swift */ = {isa = PBXFileReference; lastKnownFileType = sourcecode.swift; path = SearchSwimmerViewController.swift; sourceTree = "<group>"; };
		446DF14C21BEDC1300F08183 /* Swimmer.swift */ = {isa = PBXFileReference; lastKnownFileType = sourcecode.swift; path = Swimmer.swift; sourceTree = "<group>"; };
		4494A57C21BDE22700E42F1E /* .gitignore */ = {isa = PBXFileReference; lastKnownFileType = text; path = .gitignore; sourceTree = SOURCE_ROOT; };
		44B670F921BC89C000304FEC /* SwimStats.app */ = {isa = PBXFileReference; explicitFileType = wrapper.application; includeInIndex = 0; path = SwimStats.app; sourceTree = BUILT_PRODUCTS_DIR; };
		44B670FC21BC89C000304FEC /* AppDelegate.swift */ = {isa = PBXFileReference; lastKnownFileType = sourcecode.swift; path = AppDelegate.swift; sourceTree = "<group>"; };
		44B6710121BC89C000304FEC /* Base */ = {isa = PBXFileReference; lastKnownFileType = file.storyboard; name = Base; path = Base.lproj/Main.storyboard; sourceTree = "<group>"; };
		44B6710321BC89C200304FEC /* Assets.xcassets */ = {isa = PBXFileReference; lastKnownFileType = folder.assetcatalog; path = Assets.xcassets; sourceTree = "<group>"; };
		44B6710621BC89C200304FEC /* Base */ = {isa = PBXFileReference; lastKnownFileType = file.storyboard; name = Base; path = Base.lproj/LaunchScreen.storyboard; sourceTree = "<group>"; };
		44B6710821BC89C200304FEC /* Info.plist */ = {isa = PBXFileReference; lastKnownFileType = text.plist.xml; path = Info.plist; sourceTree = "<group>"; };
		57B02ABE4EDFCAD24D99217F /* Pods-SwimStats.release.xcconfig */ = {isa = PBXFileReference; includeInIndex = 1; lastKnownFileType = text.xcconfig; name = "Pods-SwimStats.release.xcconfig"; path = "Pods/Target Support Files/Pods-SwimStats/Pods-SwimStats.release.xcconfig"; sourceTree = "<group>"; };
		93BFBDE79744DFE407F2F442 /* Pods_SwimStats.framework */ = {isa = PBXFileReference; explicitFileType = wrapper.framework; includeInIndex = 0; path = Pods_SwimStats.framework; sourceTree = BUILT_PRODUCTS_DIR; };
		9DBBEAFB0DDE68054F2B7473 /* Pods-SwimStats.debug.xcconfig */ = {isa = PBXFileReference; includeInIndex = 1; lastKnownFileType = text.xcconfig; name = "Pods-SwimStats.debug.xcconfig"; path = "Pods/Target Support Files/Pods-SwimStats/Pods-SwimStats.debug.xcconfig"; sourceTree = "<group>"; };
/* End PBXFileReference section */

/* Begin PBXFrameworksBuildPhase section */
		44B670F621BC89C000304FEC /* Frameworks */ = {
			isa = PBXFrameworksBuildPhase;
			buildActionMask = 2147483647;
			files = (
				8B0DB4BFF496AC1CB4E67983 /* Pods_SwimStats.framework in Frameworks */,
			);
			runOnlyForDeploymentPostprocessing = 0;
		};
/* End PBXFrameworksBuildPhase section */

/* Begin PBXGroup section */
		44B670F021BC89C000304FEC = {
			isa = PBXGroup;
			children = (
				44B670FB21BC89C000304FEC /* SwimStats */,
				44B670FA21BC89C000304FEC /* Products */,
				94DEB77A67765EEE892AB5A9 /* Pods */,
				E9B023D51082147D7D47AD92 /* Frameworks */,
			);
			sourceTree = "<group>";
		};
		44B670FA21BC89C000304FEC /* Products */ = {
			isa = PBXGroup;
			children = (
				44B670F921BC89C000304FEC /* SwimStats.app */,
			);
			name = Products;
			sourceTree = "<group>";
		};
		44B670FB21BC89C000304FEC /* SwimStats */ = {
			isa = PBXGroup;
			children = (
				44B670FC21BC89C000304FEC /* AppDelegate.swift */,
				4494A57C21BDE22700E42F1E /* .gitignore */,
				44B6710021BC89C000304FEC /* Main.storyboard */,
				446DF14C21BEDC1300F08183 /* Swimmer.swift */,
				446DF14A21BED9BC00F08183 /* SearchSwimmerViewController.swift */,
				446DF14821BED99600F08183 /* SwimmersTableViewController.swift */,
				44B6710321BC89C200304FEC /* Assets.xcassets */,
				44B6710521BC89C200304FEC /* LaunchScreen.storyboard */,
				446DF14621BE218D00F08183 /* GoogleService-Info.plist */,
				44B6710821BC89C200304FEC /* Info.plist */,
			);
			path = SwimStats;
			sourceTree = "<group>";
		};
		94DEB77A67765EEE892AB5A9 /* Pods */ = {
			isa = PBXGroup;
			children = (
				9DBBEAFB0DDE68054F2B7473 /* Pods-SwimStats.debug.xcconfig */,
				57B02ABE4EDFCAD24D99217F /* Pods-SwimStats.release.xcconfig */,
			);
			name = Pods;
			sourceTree = "<group>";
		};
		E9B023D51082147D7D47AD92 /* Frameworks */ = {
			isa = PBXGroup;
			children = (
				93BFBDE79744DFE407F2F442 /* Pods_SwimStats.framework */,
			);
			name = Frameworks;
			sourceTree = "<group>";
		};
/* End PBXGroup section */

/* Begin PBXNativeTarget section */
		44B670F821BC89C000304FEC /* SwimStats */ = {
			isa = PBXNativeTarget;
			buildConfigurationList = 44B6710B21BC89C200304FEC /* Build configuration list for PBXNativeTarget "SwimStats" */;
			buildPhases = (
				A6342F83D0F84177D3F3CC24 /* [CP] Check Pods Manifest.lock */,
				44B670F521BC89C000304FEC /* Sources */,
				44B670F621BC89C000304FEC /* Frameworks */,
				44B670F721BC89C000304FEC /* Resources */,
				99F46D2ED40DCB58881DFF30 /* [CP] Embed Pods Frameworks */,
				F48BFBB00B1E1677C1340C84 /* [CP] Copy Pods Resources */,
			);
			buildRules = (
			);
			dependencies = (
			);
			name = SwimStats;
			productName = SwimStats;
			productReference = 44B670F921BC89C000304FEC /* SwimStats.app */;
			productType = "com.apple.product-type.application";
		};
/* End PBXNativeTarget section */

/* Begin PBXProject section */
		44B670F121BC89C000304FEC /* Project object */ = {
			isa = PBXProject;
			attributes = {
				LastSwiftUpdateCheck = 1010;
				LastUpgradeCheck = 1010;
				ORGANIZATIONNAME = "Yvette Zhukovsky";
				TargetAttributes = {
					44B670F821BC89C000304FEC = {
						CreatedOnToolsVersion = 10.1;
					};
				};
			};
			buildConfigurationList = 44B670F421BC89C000304FEC /* Build configuration list for PBXProject "SwimStats" */;
			compatibilityVersion = "Xcode 9.3";
			developmentRegion = en;
			hasScannedForEncodings = 0;
			knownRegions = (
				en,
				Base,
			);
			mainGroup = 44B670F021BC89C000304FEC;
			productRefGroup = 44B670FA21BC89C000304FEC /* Products */;
			projectDirPath = "";
			projectRoot = "";
			targets = (
				44B670F821BC89C000304FEC /* SwimStats */,
			);
		};
/* End PBXProject section */

/* Begin PBXResourcesBuildPhase section */
		44B670F721BC89C000304FEC /* Resources */ = {
			isa = PBXResourcesBuildPhase;
			buildActionMask = 2147483647;
			files = (
				4494A57D21BDE22700E42F1E /* .gitignore in Resources */,
				44B6710721BC89C200304FEC /* LaunchScreen.storyboard in Resources */,
				446DF14721BE218D00F08183 /* GoogleService-Info.plist in Resources */,
				44B6710421BC89C200304FEC /* Assets.xcassets in Resources */,
				44B6710221BC89C000304FEC /* Main.storyboard in Resources */,
			);
			runOnlyForDeploymentPostprocessing = 0;
		};
/* End PBXResourcesBuildPhase section */

/* Begin PBXShellScriptBuildPhase section */
		99F46D2ED40DCB58881DFF30 /* [CP] Embed Pods Frameworks */ = {
			isa = PBXShellScriptBuildPhase;
			buildActionMask = 2147483647;
			files = (
			);
			inputFileListPaths = (
			);
			inputPaths = (
				"${SRCROOT}/Pods/Target Support Files/Pods-SwimStats/Pods-SwimStats-frameworks.sh",
				"${BUILT_PRODUCTS_DIR}/BoringSSL/openssl.framework",
				"${BUILT_PRODUCTS_DIR}/GoogleUtilities/GoogleUtilities.framework",
				"${BUILT_PRODUCTS_DIR}/Protobuf/Protobuf.framework",
				"${BUILT_PRODUCTS_DIR}/gRPC-C++/grpcpp.framework",
				"${BUILT_PRODUCTS_DIR}/gRPC-Core/grpc.framework",
				"${BUILT_PRODUCTS_DIR}/leveldb-library/leveldb.framework",
				"${BUILT_PRODUCTS_DIR}/nanopb/nanopb.framework",
			);
			name = "[CP] Embed Pods Frameworks";
			outputFileListPaths = (
			);
			outputPaths = (
				"${TARGET_BUILD_DIR}/${FRAMEWORKS_FOLDER_PATH}/openssl.framework",
				"${TARGET_BUILD_DIR}/${FRAMEWORKS_FOLDER_PATH}/GoogleUtilities.framework",
				"${TARGET_BUILD_DIR}/${FRAMEWORKS_FOLDER_PATH}/Protobuf.framework",
				"${TARGET_BUILD_DIR}/${FRAMEWORKS_FOLDER_PATH}/grpcpp.framework",
				"${TARGET_BUILD_DIR}/${FRAMEWORKS_FOLDER_PATH}/grpc.framework",
				"${TARGET_BUILD_DIR}/${FRAMEWORKS_FOLDER_PATH}/leveldb.framework",
				"${TARGET_BUILD_DIR}/${FRAMEWORKS_FOLDER_PATH}/nanopb.framework",
			);
			runOnlyForDeploymentPostprocessing = 0;
			shellPath = /bin/sh;
			shellScript = "\"${SRCROOT}/Pods/Target Support Files/Pods-SwimStats/Pods-SwimStats-frameworks.sh\"\n";
			showEnvVarsInLog = 0;
		};
		A6342F83D0F84177D3F3CC24 /* [CP] Check Pods Manifest.lock */ = {
			isa = PBXShellScriptBuildPhase;
			buildActionMask = 2147483647;
			files = (
			);
			inputFileListPaths = (
			);
			inputPaths = (
				"${PODS_PODFILE_DIR_PATH}/Podfile.lock",
				"${PODS_ROOT}/Manifest.lock",
			);
			name = "[CP] Check Pods Manifest.lock";
			outputFileListPaths = (
			);
			outputPaths = (
				"$(DERIVED_FILE_DIR)/Pods-SwimStats-checkManifestLockResult.txt",
			);
			runOnlyForDeploymentPostprocessing = 0;
			shellPath = /bin/sh;
			shellScript = "diff \"${PODS_PODFILE_DIR_PATH}/Podfile.lock\" \"${PODS_ROOT}/Manifest.lock\" > /dev/null\nif [ $? != 0 ] ; then\n    # print error to STDERR\n    echo \"error: The sandbox is not in sync with the Podfile.lock. Run 'pod install' or update your CocoaPods installation.\" >&2\n    exit 1\nfi\n# This output is used by Xcode 'outputs' to avoid re-running this script phase.\necho \"SUCCESS\" > \"${SCRIPT_OUTPUT_FILE_0}\"\n";
			showEnvVarsInLog = 0;
		};
		F48BFBB00B1E1677C1340C84 /* [CP] Copy Pods Resources */ = {
			isa = PBXShellScriptBuildPhase;
			buildActionMask = 2147483647;
			files = (
			);
			inputFileListPaths = (
			);
			inputPaths = (
				"${SRCROOT}/Pods/Target Support Files/Pods-SwimStats/Pods-SwimStats-resources.sh",
				"${PODS_CONFIGURATION_BUILD_DIR}/FirebaseFirestore/gRPCCertificates-Firestore.bundle",
			);
			name = "[CP] Copy Pods Resources";
			outputFileListPaths = (
			);
			outputPaths = (
				"${TARGET_BUILD_DIR}/${UNLOCALIZED_RESOURCES_FOLDER_PATH}/gRPCCertificates-Firestore.bundle",
			);
			runOnlyForDeploymentPostprocessing = 0;
			shellPath = /bin/sh;
			shellScript = "\"${SRCROOT}/Pods/Target Support Files/Pods-SwimStats/Pods-SwimStats-resources.sh\"\n";
			showEnvVarsInLog = 0;
		};
/* End PBXShellScriptBuildPhase section */

/* Begin PBXSourcesBuildPhase section */
		44B670F521BC89C000304FEC /* Sources */ = {
			isa = PBXSourcesBuildPhase;
			buildActionMask = 2147483647;
			files = (
				446DF14D21BEDC1300F08183 /* Swimmer.swift in Sources */,
				446DF14921BED99600F08183 /* SwimmersTableViewController.swift in Sources */,
				44B670FD21BC89C000304FEC /* AppDelegate.swift in Sources */,
				446DF14B21BED9BC00F08183 /* SearchSwimmerViewController.swift in Sources */,
			);
			runOnlyForDeploymentPostprocessing = 0;
		};
/* End PBXSourcesBuildPhase section */

/* Begin PBXVariantGroup section */
		44B6710021BC89C000304FEC /* Main.storyboard */ = {
			isa = PBXVariantGroup;
			children = (
				44B6710121BC89C000304FEC /* Base */,
			);
			name = Main.storyboard;
			sourceTree = "<group>";
		};
		44B6710521BC89C200304FEC /* LaunchScreen.storyboard */ = {
			isa = PBXVariantGroup;
			children = (
				44B6710621BC89C200304FEC /* Base */,
			);
			name = LaunchScreen.storyboard;
			sourceTree = "<group>";
		};
/* End PBXVariantGroup section */

/* Begin XCBuildConfiguration section */
		44B6710921BC89C200304FEC /* Debug */ = {
			isa = XCBuildConfiguration;
			buildSettings = {
				ALWAYS_SEARCH_USER_PATHS = NO;
				CLANG_ANALYZER_NONNULL = YES;
				CLANG_ANALYZER_NUMBER_OBJECT_CONVERSION = YES_AGGRESSIVE;
				CLANG_CXX_LANGUAGE_STANDARD = "gnu++14";
				CLANG_CXX_LIBRARY = "libc++";
				CLANG_ENABLE_MODULES = YES;
				CLANG_ENABLE_OBJC_ARC = YES;
				CLANG_ENABLE_OBJC_WEAK = YES;
				CLANG_WARN_BLOCK_CAPTURE_AUTORELEASING = YES;
				CLANG_WARN_BOOL_CONVERSION = YES;
				CLANG_WARN_COMMA = YES;
				CLANG_WARN_CONSTANT_CONVERSION = YES;
				CLANG_WARN_DEPRECATED_OBJC_IMPLEMENTATIONS = YES;
				CLANG_WARN_DIRECT_OBJC_ISA_USAGE = YES_ERROR;
				CLANG_WARN_DOCUMENTATION_COMMENTS = YES;
				CLANG_WARN_EMPTY_BODY = YES;
				CLANG_WARN_ENUM_CONVERSION = YES;
				CLANG_WARN_INFINITE_RECURSION = YES;
				CLANG_WARN_INT_CONVERSION = YES;
				CLANG_WARN_NON_LITERAL_NULL_CONVERSION = YES;
				CLANG_WARN_OBJC_IMPLICIT_RETAIN_SELF = YES;
				CLANG_WARN_OBJC_LITERAL_CONVERSION = YES;
				CLANG_WARN_OBJC_ROOT_CLASS = YES_ERROR;
				CLANG_WARN_RANGE_LOOP_ANALYSIS = YES;
				CLANG_WARN_STRICT_PROTOTYPES = YES;
				CLANG_WARN_SUSPICIOUS_MOVE = YES;
				CLANG_WARN_UNGUARDED_AVAILABILITY = YES_AGGRESSIVE;
				CLANG_WARN_UNREACHABLE_CODE = YES;
				CLANG_WARN__DUPLICATE_METHOD_MATCH = YES;
				CODE_SIGN_IDENTITY = "iPhone Developer";
				COPY_PHASE_STRIP = NO;
				DEBUG_INFORMATION_FORMAT = dwarf;
				ENABLE_STRICT_OBJC_MSGSEND = YES;
				ENABLE_TESTABILITY = YES;
				GCC_C_LANGUAGE_STANDARD = gnu11;
				GCC_DYNAMIC_NO_PIC = NO;
				GCC_NO_COMMON_BLOCKS = YES;
				GCC_OPTIMIZATION_LEVEL = 0;
				GCC_PREPROCESSOR_DEFINITIONS = (
					"DEBUG=1",
					"$(inherited)",
				);
				GCC_WARN_64_TO_32_BIT_CONVERSION = YES;
				GCC_WARN_ABOUT_RETURN_TYPE = YES_ERROR;
				GCC_WARN_UNDECLARED_SELECTOR = YES;
				GCC_WARN_UNINITIALIZED_AUTOS = YES_AGGRESSIVE;
				GCC_WARN_UNUSED_FUNCTION = YES;
				GCC_WARN_UNUSED_VARIABLE = YES;
				IPHONEOS_DEPLOYMENT_TARGET = 12.1;
				MTL_ENABLE_DEBUG_INFO = INCLUDE_SOURCE;
				MTL_FAST_MATH = YES;
				ONLY_ACTIVE_ARCH = YES;
				SDKROOT = iphoneos;
				SWIFT_ACTIVE_COMPILATION_CONDITIONS = DEBUG;
				SWIFT_OPTIMIZATION_LEVEL = "-Onone";
			};
			name = Debug;
		};
		44B6710A21BC89C200304FEC /* Release */ = {
			isa = XCBuildConfiguration;
			buildSettings = {
				ALWAYS_SEARCH_USER_PATHS = NO;
				CLANG_ANALYZER_NONNULL = YES;
				CLANG_ANALYZER_NUMBER_OBJECT_CONVERSION = YES_AGGRESSIVE;
				CLANG_CXX_LANGUAGE_STANDARD = "gnu++14";
				CLANG_CXX_LIBRARY = "libc++";
				CLANG_ENABLE_MODULES = YES;
				CLANG_ENABLE_OBJC_ARC = YES;
				CLANG_ENABLE_OBJC_WEAK = YES;
				CLANG_WARN_BLOCK_CAPTURE_AUTORELEASING = YES;
				CLANG_WARN_BOOL_CONVERSION = YES;
				CLANG_WARN_COMMA = YES;
				CLANG_WARN_CONSTANT_CONVERSION = YES;
				CLANG_WARN_DEPRECATED_OBJC_IMPLEMENTATIONS = YES;
				CLANG_WARN_DIRECT_OBJC_ISA_USAGE = YES_ERROR;
				CLANG_WARN_DOCUMENTATION_COMMENTS = YES;
				CLANG_WARN_EMPTY_BODY = YES;
				CLANG_WARN_ENUM_CONVERSION = YES;
				CLANG_WARN_INFINITE_RECURSION = YES;
				CLANG_WARN_INT_CONVERSION = YES;
				CLANG_WARN_NON_LITERAL_NULL_CONVERSION = YES;
				CLANG_WARN_OBJC_IMPLICIT_RETAIN_SELF = YES;
				CLANG_WARN_OBJC_LITERAL_CONVERSION = YES;
				CLANG_WARN_OBJC_ROOT_CLASS = YES_ERROR;
				CLANG_WARN_RANGE_LOOP_ANALYSIS = YES;
				CLANG_WARN_STRICT_PROTOTYPES = YES;
				CLANG_WARN_SUSPICIOUS_MOVE = YES;
				CLANG_WARN_UNGUARDED_AVAILABILITY = YES_AGGRESSIVE;
				CLANG_WARN_UNREACHABLE_CODE = YES;
				CLANG_WARN__DUPLICATE_METHOD_MATCH = YES;
				CODE_SIGN_IDENTITY = "iPhone Developer";
				COPY_PHASE_STRIP = NO;
				DEBUG_INFORMATION_FORMAT = "dwarf-with-dsym";
				ENABLE_NS_ASSERTIONS = NO;
				ENABLE_STRICT_OBJC_MSGSEND = YES;
				GCC_C_LANGUAGE_STANDARD = gnu11;
				GCC_NO_COMMON_BLOCKS = YES;
				GCC_WARN_64_TO_32_BIT_CONVERSION = YES;
				GCC_WARN_ABOUT_RETURN_TYPE = YES_ERROR;
				GCC_WARN_UNDECLARED_SELECTOR = YES;
				GCC_WARN_UNINITIALIZED_AUTOS = YES_AGGRESSIVE;
				GCC_WARN_UNUSED_FUNCTION = YES;
				GCC_WARN_UNUSED_VARIABLE = YES;
				IPHONEOS_DEPLOYMENT_TARGET = 12.1;
				MTL_ENABLE_DEBUG_INFO = NO;
				MTL_FAST_MATH = YES;
				SDKROOT = iphoneos;
				SWIFT_COMPILATION_MODE = wholemodule;
				SWIFT_OPTIMIZATION_LEVEL = "-O";
				VALIDATE_PRODUCT = YES;
			};
			name = Release;
		};
		44B6710C21BC89C200304FEC /* Debug */ = {
			isa = XCBuildConfiguration;
			baseConfigurationReference = 9DBBEAFB0DDE68054F2B7473 /* Pods-SwimStats.debug.xcconfig */;
			buildSettings = {
				ASSETCATALOG_COMPILER_APPICON_NAME = AppIcon;
				CODE_SIGN_STYLE = Automatic;
				DEVELOPMENT_TEAM = NH6AR4LY3J;
				INFOPLIST_FILE = SwimStats/Info.plist;
				LD_RUNPATH_SEARCH_PATHS = (
					"$(inherited)",
					"@executable_path/Frameworks",
				);
				PRODUCT_BUNDLE_IDENTIFIER = LambdaSchool.SwimStats;
				PRODUCT_NAME = "$(TARGET_NAME)";
				SWIFT_VERSION = 4.2;
				TARGETED_DEVICE_FAMILY = "1,2";
			};
			name = Debug;
		};
		44B6710D21BC89C200304FEC /* Release */ = {
			isa = XCBuildConfiguration;
			baseConfigurationReference = 57B02ABE4EDFCAD24D99217F /* Pods-SwimStats.release.xcconfig */;
			buildSettings = {
				ASSETCATALOG_COMPILER_APPICON_NAME = AppIcon;
				CODE_SIGN_STYLE = Automatic;
				DEVELOPMENT_TEAM = NH6AR4LY3J;
				INFOPLIST_FILE = SwimStats/Info.plist;
				LD_RUNPATH_SEARCH_PATHS = (
					"$(inherited)",
					"@executable_path/Frameworks",
				);
				PRODUCT_BUNDLE_IDENTIFIER = LambdaSchool.SwimStats;
				PRODUCT_NAME = "$(TARGET_NAME)";
				SWIFT_VERSION = 4.2;
				TARGETED_DEVICE_FAMILY = "1,2";
			};
			name = Release;
		};
/* End XCBuildConfiguration section */

/* Begin XCConfigurationList section */
		44B670F421BC89C000304FEC /* Build configuration list for PBXProject "SwimStats" */ = {
			isa = XCConfigurationList;
			buildConfigurations = (
				44B6710921BC89C200304FEC /* Debug */,
				44B6710A21BC89C200304FEC /* Release */,
			);
			defaultConfigurationIsVisible = 0;
			defaultConfigurationName = Release;
		};
		44B6710B21BC89C200304FEC /* Build configuration list for PBXNativeTarget "SwimStats" */ = {
			isa = XCConfigurationList;
			buildConfigurations = (
				44B6710C21BC89C200304FEC /* Debug */,
				44B6710D21BC89C200304FEC /* Release */,
			);
			defaultConfigurationIsVisible = 0;
			defaultConfigurationName = Release;
		};
/* End XCConfigurationList section */
	};
	rootObject = 44B670F121BC89C000304FEC /* Project object */;
}
